// !$*UTF8*$!
{
	archiveVersion = 1;
	classes = {
	};
	objectVersion = 56;
	objects = {

/* Begin PBXBuildFile section */
		0655E9D12A4C74F800783E46 /* SwiftTutorialApp.swift in Sources */ = {isa = PBXBuildFile; fileRef = 0655E9D02A4C74F800783E46 /* SwiftTutorialApp.swift */; };
		0655E9D32A4C74F800783E46 /* TextSample.swift in Sources */ = {isa = PBXBuildFile; fileRef = 0655E9D22A4C74F800783E46 /* TextSample.swift */; };
		0655E9D52A4C74FA00783E46 /* Assets.xcassets in Resources */ = {isa = PBXBuildFile; fileRef = 0655E9D42A4C74FA00783E46 /* Assets.xcassets */; };
		0655E9D82A4C74FA00783E46 /* Preview Assets.xcassets in Resources */ = {isa = PBXBuildFile; fileRef = 0655E9D72A4C74FA00783E46 /* Preview Assets.xcassets */; };
		0655E9DF2A4DCDBE00783E46 /* ShapesSample.swift in Sources */ = {isa = PBXBuildFile; fileRef = 0655E9DE2A4DCDBE00783E46 /* ShapesSample.swift */; };
		0655E9E12A4EC80100783E46 /* ColorSample.swift in Sources */ = {isa = PBXBuildFile; fileRef = 0655E9E02A4EC80100783E46 /* ColorSample.swift */; };
		0655E9E32A518F8600783E46 /* GradientsSample.swift in Sources */ = {isa = PBXBuildFile; fileRef = 0655E9E22A518F8600783E46 /* GradientsSample.swift */; };
		0655E9E52A51B52E00783E46 /* IconsAndImageSample.swift in Sources */ = {isa = PBXBuildFile; fileRef = 0655E9E42A51B52E00783E46 /* IconsAndImageSample.swift */; };
		0656BDCF2A5392700095C93E /* FrameSample.swift in Sources */ = {isa = PBXBuildFile; fileRef = 0656BDCE2A5392700095C93E /* FrameSample.swift */; };
		0656BDD12A5398D00095C93E /* BackgroundAndOverlayerSample.swift in Sources */ = {isa = PBXBuildFile; fileRef = 0656BDD02A5398D00095C93E /* BackgroundAndOverlayerSample.swift */; };
		0656BDD32A54EAFC0095C93E /* StackSample.swift in Sources */ = {isa = PBXBuildFile; fileRef = 0656BDD22A54EAFC0095C93E /* StackSample.swift */; };
		06C97F7F2A5707DC00580B63 /* PaddingSample.swift in Sources */ = {isa = PBXBuildFile; fileRef = 06C97F7E2A5707DC00580B63 /* PaddingSample.swift */; };
		06C97F832A57896B00580B63 /* SpacerSample.swift in Sources */ = {isa = PBXBuildFile; fileRef = 06C97F822A57896B00580B63 /* SpacerSample.swift */; };
/* End PBXBuildFile section */

/* Begin PBXFileReference section */
		0655E9CD2A4C74F800783E46 /* SwiftTutorial.app */ = {isa = PBXFileReference; explicitFileType = wrapper.application; includeInIndex = 0; path = SwiftTutorial.app; sourceTree = BUILT_PRODUCTS_DIR; };
		0655E9D02A4C74F800783E46 /* SwiftTutorialApp.swift */ = {isa = PBXFileReference; lastKnownFileType = sourcecode.swift; path = SwiftTutorialApp.swift; sourceTree = "<group>"; };
		0655E9D22A4C74F800783E46 /* TextSample.swift */ = {isa = PBXFileReference; lastKnownFileType = sourcecode.swift; path = TextSample.swift; sourceTree = "<group>"; };
		0655E9D42A4C74FA00783E46 /* Assets.xcassets */ = {isa = PBXFileReference; lastKnownFileType = folder.assetcatalog; path = Assets.xcassets; sourceTree = "<group>"; };
		0655E9D72A4C74FA00783E46 /* Preview Assets.xcassets */ = {isa = PBXFileReference; lastKnownFileType = folder.assetcatalog; path = "Preview Assets.xcassets"; sourceTree = "<group>"; };
		0655E9DE2A4DCDBE00783E46 /* ShapesSample.swift */ = {isa = PBXFileReference; lastKnownFileType = sourcecode.swift; path = ShapesSample.swift; sourceTree = "<group>"; };
		0655E9E02A4EC80100783E46 /* ColorSample.swift */ = {isa = PBXFileReference; lastKnownFileType = sourcecode.swift; path = ColorSample.swift; sourceTree = "<group>"; };
		0655E9E22A518F8600783E46 /* GradientsSample.swift */ = {isa = PBXFileReference; lastKnownFileType = sourcecode.swift; path = GradientsSample.swift; sourceTree = "<group>"; };
		0655E9E42A51B52E00783E46 /* IconsAndImageSample.swift */ = {isa = PBXFileReference; lastKnownFileType = sourcecode.swift; path = IconsAndImageSample.swift; sourceTree = "<group>"; };
		0656BDCE2A5392700095C93E /* FrameSample.swift */ = {isa = PBXFileReference; lastKnownFileType = sourcecode.swift; path = FrameSample.swift; sourceTree = "<group>"; };
		0656BDD02A5398D00095C93E /* BackgroundAndOverlayerSample.swift */ = {isa = PBXFileReference; lastKnownFileType = sourcecode.swift; path = BackgroundAndOverlayerSample.swift; sourceTree = "<group>"; };
		0656BDD22A54EAFC0095C93E /* StackSample.swift */ = {isa = PBXFileReference; lastKnownFileType = sourcecode.swift; path = StackSample.swift; sourceTree = "<group>"; };
		06C97F7E2A5707DC00580B63 /* PaddingSample.swift */ = {isa = PBXFileReference; lastKnownFileType = sourcecode.swift; path = PaddingSample.swift; sourceTree = "<group>"; };
		06C97F822A57896B00580B63 /* SpacerSample.swift */ = {isa = PBXFileReference; lastKnownFileType = sourcecode.swift; path = SpacerSample.swift; sourceTree = "<group>"; };
/* End PBXFileReference section */

/* Begin PBXFrameworksBuildPhase section */
		0655E9CA2A4C74F800783E46 /* Frameworks */ = {
			isa = PBXFrameworksBuildPhase;
			buildActionMask = 2147483647;
			files = (
			);
			runOnlyForDeploymentPostprocessing = 0;
		};
/* End PBXFrameworksBuildPhase section */

/* Begin PBXGroup section */
		0655E9C42A4C74F800783E46 = {
			isa = PBXGroup;
			children = (
				0655E9CF2A4C74F800783E46 /* SwiftTutorial */,
				0655E9CE2A4C74F800783E46 /* Products */,
			);
			sourceTree = "<group>";
		};
		0655E9CE2A4C74F800783E46 /* Products */ = {
			isa = PBXGroup;
			children = (
				0655E9CD2A4C74F800783E46 /* SwiftTutorial.app */,
			);
			name = Products;
			sourceTree = "<group>";
		};
		0655E9CF2A4C74F800783E46 /* SwiftTutorial */ = {
			isa = PBXGroup;
			children = (
				0655E9D02A4C74F800783E46 /* SwiftTutorialApp.swift */,
				0655E9D22A4C74F800783E46 /* TextSample.swift */,
				0655E9DE2A4DCDBE00783E46 /* ShapesSample.swift */,
				0655E9E02A4EC80100783E46 /* ColorSample.swift */,
				0655E9E22A518F8600783E46 /* GradientsSample.swift */,
				0655E9E42A51B52E00783E46 /* IconsAndImageSample.swift */,
				0656BDCE2A5392700095C93E /* FrameSample.swift */,
				0656BDD02A5398D00095C93E /* BackgroundAndOverlayerSample.swift */,
				0656BDD22A54EAFC0095C93E /* StackSample.swift */,
				06C97F7E2A5707DC00580B63 /* PaddingSample.swift */,
				06C97F822A57896B00580B63 /* SpacerSample.swift */,
				0655E9D42A4C74FA00783E46 /* Assets.xcassets */,
				0655E9D62A4C74FA00783E46 /* Preview Content */,
			);
			path = SwiftTutorial;
			sourceTree = "<group>";
		};
		0655E9D62A4C74FA00783E46 /* Preview Content */ = {
			isa = PBXGroup;
			children = (
				0655E9D72A4C74FA00783E46 /* Preview Assets.xcassets */,
			);
			path = "Preview Content";
			sourceTree = "<group>";
		};
/* End PBXGroup section */

/* Begin PBXNativeTarget section */
		0655E9CC2A4C74F800783E46 /* SwiftTutorial */ = {
			isa = PBXNativeTarget;
			buildConfigurationList = 0655E9DB2A4C74FA00783E46 /* Build configuration list for PBXNativeTarget "SwiftTutorial" */;
			buildPhases = (
				0655E9C92A4C74F800783E46 /* Sources */,
				0655E9CA2A4C74F800783E46 /* Frameworks */,
				0655E9CB2A4C74F800783E46 /* Resources */,
			);
			buildRules = (
			);
			dependencies = (
			);
			name = SwiftTutorial;
			productName = SwiftTutorial;
			productReference = 0655E9CD2A4C74F800783E46 /* SwiftTutorial.app */;
			productType = "com.apple.product-type.application";
		};
/* End PBXNativeTarget section */

/* Begin PBXProject section */
		0655E9C52A4C74F800783E46 /* Project object */ = {
			isa = PBXProject;
			attributes = {
				BuildIndependentTargetsInParallel = 1;
				LastSwiftUpdateCheck = 1430;
				LastUpgradeCheck = 1430;
				TargetAttributes = {
					0655E9CC2A4C74F800783E46 = {
						CreatedOnToolsVersion = 14.3.1;
					};
				};
			};
			buildConfigurationList = 0655E9C82A4C74F800783E46 /* Build configuration list for PBXProject "SwiftTutorial" */;
			compatibilityVersion = "Xcode 14.0";
			developmentRegion = en;
			hasScannedForEncodings = 0;
			knownRegions = (
				en,
				Base,
			);
			mainGroup = 0655E9C42A4C74F800783E46;
			productRefGroup = 0655E9CE2A4C74F800783E46 /* Products */;
			projectDirPath = "";
			projectRoot = "";
			targets = (
				0655E9CC2A4C74F800783E46 /* SwiftTutorial */,
			);
		};
/* End PBXProject section */

/* Begin PBXResourcesBuildPhase section */
		0655E9CB2A4C74F800783E46 /* Resources */ = {
			isa = PBXResourcesBuildPhase;
			buildActionMask = 2147483647;
			files = (
				0655E9D82A4C74FA00783E46 /* Preview Assets.xcassets in Resources */,
				0655E9D52A4C74FA00783E46 /* Assets.xcassets in Resources */,
			);
			runOnlyForDeploymentPostprocessing = 0;
		};
/* End PBXResourcesBuildPhase section */

/* Begin PBXSourcesBuildPhase section */
		0655E9C92A4C74F800783E46 /* Sources */ = {
			isa = PBXSourcesBuildPhase;
			buildActionMask = 2147483647;
			files = (
				0656BDD32A54EAFC0095C93E /* StackSample.swift in Sources */,
				06C97F7F2A5707DC00580B63 /* PaddingSample.swift in Sources */,
				0655E9D32A4C74F800783E46 /* TextSample.swift in Sources */,
				0655E9E32A518F8600783E46 /* GradientsSample.swift in Sources */,
				0655E9E12A4EC80100783E46 /* ColorSample.swift in Sources */,
				06C97F832A57896B00580B63 /* SpacerSample.swift in Sources */,
				0655E9D12A4C74F800783E46 /* SwiftTutorialApp.swift in Sources */,
				0655E9E52A51B52E00783E46 /* IconsAndImageSample.swift in Sources */,
				0656BDCF2A5392700095C93E /* FrameSample.swift in Sources */,
				0655E9DF2A4DCDBE00783E46 /* ShapesSample.swift in Sources */,
				0656BDD12A5398D00095C93E /* BackgroundAndOverlayerSample.swift in Sources */,
			);
			runOnlyForDeploymentPostprocessing = 0;
		};
/* End PBXSourcesBuildPhase section */

/* Begin XCBuildConfiguration section */
		0655E9D92A4C74FA00783E46 /* Debug */ = {
			isa = XCBuildConfiguration;
			buildSettings = {
				ALWAYS_SEARCH_USER_PATHS = NO;
				CLANG_ANALYZER_NONNULL = YES;
				CLANG_ANALYZER_NUMBER_OBJECT_CONVERSION = YES_AGGRESSIVE;
				CLANG_CXX_LANGUAGE_STANDARD = "gnu++20";
				CLANG_ENABLE_MODULES = YES;
				CLANG_ENABLE_OBJC_ARC = YES;
				CLANG_ENABLE_OBJC_WEAK = YES;
				CLANG_WARN_BLOCK_CAPTURE_AUTORELEASING = YES;
				CLANG_WARN_BOOL_CONVERSION = YES;
				CLANG_WARN_COMMA = YES;
				CLANG_WARN_CONSTANT_CONVERSION = YES;
				CLANG_WARN_DEPRECATED_OBJC_IMPLEMENTATIONS = YES;
				CLANG_WARN_DIRECT_OBJC_ISA_USAGE = YES_ERROR;
				CLANG_WARN_DOCUMENTATION_COMMENTS = YES;
				CLANG_WARN_EMPTY_BODY = YES;
				CLANG_WARN_ENUM_CONVERSION = YES;
				CLANG_WARN_INFINITE_RECURSION = YES;
				CLANG_WARN_INT_CONVERSION = YES;
				CLANG_WARN_NON_LITERAL_NULL_CONVERSION = YES;
				CLANG_WARN_OBJC_IMPLICIT_RETAIN_SELF = YES;
				CLANG_WARN_OBJC_LITERAL_CONVERSION = YES;
				CLANG_WARN_OBJC_ROOT_CLASS = YES_ERROR;
				CLANG_WARN_QUOTED_INCLUDE_IN_FRAMEWORK_HEADER = YES;
				CLANG_WARN_RANGE_LOOP_ANALYSIS = YES;
				CLANG_WARN_STRICT_PROTOTYPES = YES;
				CLANG_WARN_SUSPICIOUS_MOVE = YES;
				CLANG_WARN_UNGUARDED_AVAILABILITY = YES_AGGRESSIVE;
				CLANG_WARN_UNREACHABLE_CODE = YES;
				CLANG_WARN__DUPLICATE_METHOD_MATCH = YES;
				COPY_PHASE_STRIP = NO;
				DEBUG_INFORMATION_FORMAT = dwarf;
				ENABLE_STRICT_OBJC_MSGSEND = YES;
				ENABLE_TESTABILITY = YES;
				GCC_C_LANGUAGE_STANDARD = gnu11;
				GCC_DYNAMIC_NO_PIC = NO;
				GCC_NO_COMMON_BLOCKS = YES;
				GCC_OPTIMIZATION_LEVEL = 0;
				GCC_PREPROCESSOR_DEFINITIONS = (
					"DEBUG=1",
					"$(inherited)",
				);
				GCC_WARN_64_TO_32_BIT_CONVERSION = YES;
				GCC_WARN_ABOUT_RETURN_TYPE = YES_ERROR;
				GCC_WARN_UNDECLARED_SELECTOR = YES;
				GCC_WARN_UNINITIALIZED_AUTOS = YES_AGGRESSIVE;
				GCC_WARN_UNUSED_FUNCTION = YES;
				GCC_WARN_UNUSED_VARIABLE = YES;
				IPHONEOS_DEPLOYMENT_TARGET = 16.4;
				MTL_ENABLE_DEBUG_INFO = INCLUDE_SOURCE;
				MTL_FAST_MATH = YES;
				ONLY_ACTIVE_ARCH = YES;
				SDKROOT = iphoneos;
				SWIFT_ACTIVE_COMPILATION_CONDITIONS = DEBUG;
				SWIFT_OPTIMIZATION_LEVEL = "-Onone";
			};
			name = Debug;
		};
		0655E9DA2A4C74FA00783E46 /* Release */ = {
			isa = XCBuildConfiguration;
			buildSettings = {
				ALWAYS_SEARCH_USER_PATHS = NO;
				CLANG_ANALYZER_NONNULL = YES;
				CLANG_ANALYZER_NUMBER_OBJECT_CONVERSION = YES_AGGRESSIVE;
				CLANG_CXX_LANGUAGE_STANDARD = "gnu++20";
				CLANG_ENABLE_MODULES = YES;
				CLANG_ENABLE_OBJC_ARC = YES;
				CLANG_ENABLE_OBJC_WEAK = YES;
				CLANG_WARN_BLOCK_CAPTURE_AUTORELEASING = YES;
				CLANG_WARN_BOOL_CONVERSION = YES;
				CLANG_WARN_COMMA = YES;
				CLANG_WARN_CONSTANT_CONVERSION = YES;
				CLANG_WARN_DEPRECATED_OBJC_IMPLEMENTATIONS = YES;
				CLANG_WARN_DIRECT_OBJC_ISA_USAGE = YES_ERROR;
				CLANG_WARN_DOCUMENTATION_COMMENTS = YES;
				CLANG_WARN_EMPTY_BODY = YES;
				CLANG_WARN_ENUM_CONVERSION = YES;
				CLANG_WARN_INFINITE_RECURSION = YES;
				CLANG_WARN_INT_CONVERSION = YES;
				CLANG_WARN_NON_LITERAL_NULL_CONVERSION = YES;
				CLANG_WARN_OBJC_IMPLICIT_RETAIN_SELF = YES;
				CLANG_WARN_OBJC_LITERAL_CONVERSION = YES;
				CLANG_WARN_OBJC_ROOT_CLASS = YES_ERROR;
				CLANG_WARN_QUOTED_INCLUDE_IN_FRAMEWORK_HEADER = YES;
				CLANG_WARN_RANGE_LOOP_ANALYSIS = YES;
				CLANG_WARN_STRICT_PROTOTYPES = YES;
				CLANG_WARN_SUSPICIOUS_MOVE = YES;
				CLANG_WARN_UNGUARDED_AVAILABILITY = YES_AGGRESSIVE;
				CLANG_WARN_UNREACHABLE_CODE = YES;
				CLANG_WARN__DUPLICATE_METHOD_MATCH = YES;
				COPY_PHASE_STRIP = NO;
				DEBUG_INFORMATION_FORMAT = "dwarf-with-dsym";
				ENABLE_NS_ASSERTIONS = NO;
				ENABLE_STRICT_OBJC_MSGSEND = YES;
				GCC_C_LANGUAGE_STANDARD = gnu11;
				GCC_NO_COMMON_BLOCKS = YES;
				GCC_WARN_64_TO_32_BIT_CONVERSION = YES;
				GCC_WARN_ABOUT_RETURN_TYPE = YES_ERROR;
				GCC_WARN_UNDECLARED_SELECTOR = YES;
				GCC_WARN_UNINITIALIZED_AUTOS = YES_AGGRESSIVE;
				GCC_WARN_UNUSED_FUNCTION = YES;
				GCC_WARN_UNUSED_VARIABLE = YES;
				IPHONEOS_DEPLOYMENT_TARGET = 16.4;
				MTL_ENABLE_DEBUG_INFO = NO;
				MTL_FAST_MATH = YES;
				SDKROOT = iphoneos;
				SWIFT_COMPILATION_MODE = wholemodule;
				SWIFT_OPTIMIZATION_LEVEL = "-O";
				VALIDATE_PRODUCT = YES;
			};
			name = Release;
		};
		0655E9DC2A4C74FA00783E46 /* Debug */ = {
			isa = XCBuildConfiguration;
			buildSettings = {
				ASSETCATALOG_COMPILER_APPICON_NAME = AppIcon;
				ASSETCATALOG_COMPILER_GLOBAL_ACCENT_COLOR_NAME = AccentColor;
				CODE_SIGN_IDENTITY = "Apple Development";
				CODE_SIGN_STYLE = Automatic;
				CURRENT_PROJECT_VERSION = 1;
				DEVELOPMENT_ASSET_PATHS = "\"SwiftTutorial/Preview Content\"";
				DEVELOPMENT_TEAM = MJ6GJY4DTM;
				ENABLE_PREVIEWS = YES;
				GENERATE_INFOPLIST_FILE = YES;
				INFOPLIST_KEY_UIApplicationSceneManifest_Generation = YES;
				INFOPLIST_KEY_UIApplicationSupportsIndirectInputEvents = YES;
				INFOPLIST_KEY_UILaunchScreen_Generation = YES;
				INFOPLIST_KEY_UISupportedInterfaceOrientations_iPad = "UIInterfaceOrientationPortrait UIInterfaceOrientationPortraitUpsideDown UIInterfaceOrientationLandscapeLeft UIInterfaceOrientationLandscapeRight";
				INFOPLIST_KEY_UISupportedInterfaceOrientations_iPhone = "UIInterfaceOrientationPortrait UIInterfaceOrientationLandscapeLeft UIInterfaceOrientationLandscapeRight";
				IPHONEOS_DEPLOYMENT_TARGET = 15.0;
				LD_RUNPATH_SEARCH_PATHS = (
					"$(inherited)",
					"@executable_path/Frameworks",
				);
				MARKETING_VERSION = 1.0;
				PRODUCT_BUNDLE_IDENTIFIER = com.softlab.test.abc;
				PRODUCT_NAME = "$(TARGET_NAME)";
				PROVISIONING_PROFILE_SPECIFIER = "";
				SWIFT_EMIT_LOC_STRINGS = YES;
				SWIFT_VERSION = 5.0;
				TARGETED_DEVICE_FAMILY = "1,2";
			};
			name = Debug;
		};
		0655E9DD2A4C74FA00783E46 /* Release */ = {
			isa = XCBuildConfiguration;
			buildSettings = {
				ASSETCATALOG_COMPILER_APPICON_NAME = AppIcon;
				ASSETCATALOG_COMPILER_GLOBAL_ACCENT_COLOR_NAME = AccentColor;
				CODE_SIGN_IDENTITY = "Apple Development";
				CODE_SIGN_STYLE = Automatic;
				CURRENT_PROJECT_VERSION = 1;
				DEVELOPMENT_ASSET_PATHS = "\"SwiftTutorial/Preview Content\"";
				DEVELOPMENT_TEAM = MJ6GJY4DTM;
				ENABLE_PREVIEWS = YES;
				GENERATE_INFOPLIST_FILE = YES;
				INFOPLIST_KEY_UIApplicationSceneManifest_Generation = YES;
				INFOPLIST_KEY_UIApplicationSupportsIndirectInputEvents = YES;
				INFOPLIST_KEY_UILaunchScreen_Generation = YES;
				INFOPLIST_KEY_UISupportedInterfaceOrientations_iPad = "UIInterfaceOrientationPortrait UIInterfaceOrientationPortraitUpsideDown UIInterfaceOrientationLandscapeLeft UIInterfaceOrientationLandscapeRight";
				INFOPLIST_KEY_UISupportedInterfaceOrientations_iPhone = "UIInterfaceOrientationPortrait UIInterfaceOrientationLandscapeLeft UIInterfaceOrientationLandscapeRight";
				IPHONEOS_DEPLOYMENT_TARGET = 15.0;
				LD_RUNPATH_SEARCH_PATHS = (
					"$(inherited)",
					"@executable_path/Frameworks",
				);
				MARKETING_VERSION = 1.0;
				PRODUCT_BUNDLE_IDENTIFIER = com.softlab.test.abc;
				PRODUCT_NAME = "$(TARGET_NAME)";
				PROVISIONING_PROFILE_SPECIFIER = "";
				SWIFT_EMIT_LOC_STRINGS = YES;
				SWIFT_VERSION = 5.0;
				TARGETED_DEVICE_FAMILY = "1,2";
			};
			name = Release;
		};
/* End XCBuildConfiguration section */

/* Begin XCConfigurationList section */
		0655E9C82A4C74F800783E46 /* Build configuration list for PBXProject "SwiftTutorial" */ = {
			isa = XCConfigurationList;
			buildConfigurations = (
				0655E9D92A4C74FA00783E46 /* Debug */,
				0655E9DA2A4C74FA00783E46 /* Release */,
			);
			defaultConfigurationIsVisible = 0;
			defaultConfigurationName = Release;
		};
		0655E9DB2A4C74FA00783E46 /* Build configuration list for PBXNativeTarget "SwiftTutorial" */ = {
			isa = XCConfigurationList;
			buildConfigurations = (
				0655E9DC2A4C74FA00783E46 /* Debug */,
				0655E9DD2A4C74FA00783E46 /* Release */,
			);
			defaultConfigurationIsVisible = 0;
			defaultConfigurationName = Release;
		};
/* End XCConfigurationList section */
	};
	rootObject = 0655E9C52A4C74F800783E46 /* Project object */;
}
